
Microsoft Visual Studio Solution File, Format Version 12.00
# Visual Studio 15
Project("{FAE04EC0-301F-11D3-BF4B-00C04F79EFBC}") = "Assembly-CSharp", "Assembly-CSharp.csproj", "{FB123B5A-D67F-2B41-9421-F1A8128DB8DB}"
EndProject
Global
	GlobalSection(SolutionConfigurationPlatforms) = preSolution
		Debug|Any CPU = Debug|Any CPU
		Release|Any CPU = Release|Any CPU
	EndGlobalSection
	GlobalSection(ProjectConfigurationPlatforms) = postSolution
		{FB123B5A-D67F-2B41-9421-F1A8128DB8DB}.Debug|Any CPU.ActiveCfg = Debug|Any CPU
		{FB123B5A-D67F-2B41-9421-F1A8128DB8DB}.Debug|Any CPU.Build.0 = Debug|Any CPU
		{FB123B5A-D67F-2B41-9421-F1A8128DB8DB}.Release|Any CPU.ActiveCfg = Release|Any CPU
		{FB123B5A-D67F-2B41-9421-F1A8128DB8DB}.Release|Any CPU.Build.0 = Release|Any CPU
	EndGlobalSection
	GlobalSection(SolutionProperties) = preSolution
		HideSolutionNode = FALSE
	EndGlobalSection
EndGlobal
